
Microsoft Visual Studio Solution File, Format Version 12.00
# Visual Studio Version 16
VisualStudioVersion = 16.0.31702.278
MinimumVisualStudioVersion = 10.0.40219.1
Project("{FAE04EC0-301F-11D3-BF4B-00C04F79EFBC}") = "VariablesC-Sharp", "VariablesC-Sharp\VariablesC-Sharp.csproj", "{DA4B2F59-55E2-4ACC-B89D-1B102E887934}"
EndProject
Global
	GlobalSection(SolutionConfigurationPlatforms) = preSolution
		Debug|Any CPU = Debug|Any CPU
		Release|Any CPU = Release|Any CPU
	EndGlobalSection
	GlobalSection(ProjectConfigurationPlatforms) = postSolution
		{DA4B2F59-55E2-4ACC-B89D-1B102E887934}.Debug|Any CPU.ActiveCfg = Debug|Any CPU
		{DA4B2F59-55E2-4ACC-B89D-1B102E887934}.Debug|Any CPU.Build.0 = Debug|Any CPU
		{DA4B2F59-55E2-4ACC-B89D-1B102E887934}.Release|Any CPU.ActiveCfg = Release|Any CPU
		{DA4B2F59-55E2-4ACC-B89D-1B102E887934}.Release|Any CPU.Build.0 = Release|Any CPU
	EndGlobalSection
	GlobalSection(SolutionProperties) = preSolution
		HideSolutionNode = FALSE
	EndGlobalSection
	GlobalSection(ExtensibilityGlobals) = postSolution
		SolutionGuid = {2EA84A27-6ADC-47E0-80AE-997731B7E458}
	EndGlobalSection
EndGlobal
